
Microsoft Visual Studio Solution File, Format Version 12.00
# Visual Studio Version 17
VisualStudioVersion = 17.10.34916.146
MinimumVisualStudioVersion = 10.0.40219.1
Project("{FAE04EC0-301F-11D3-BF4B-00C04F79EFBC}") = "To Do List App", "To Do List App\To Do List App.csproj", "{5004FCF9-6502-43AC-82CC-76518D62A0C1}"
EndProject
Global
	GlobalSection(SolutionConfigurationPlatforms) = preSolution
		Debug|Any CPU = Debug|Any CPU
		Release|Any CPU = Release|Any CPU
	EndGlobalSection
	GlobalSection(ProjectConfigurationPlatforms) = postSolution
		{5004FCF9-6502-43AC-82CC-76518D62A0C1}.Debug|Any CPU.ActiveCfg = Debug|Any CPU
		{5004FCF9-6502-43AC-82CC-76518D62A0C1}.Debug|Any CPU.Build.0 = Debug|Any CPU
		{5004FCF9-6502-43AC-82CC-76518D62A0C1}.Release|Any CPU.ActiveCfg = Release|Any CPU
		{5004FCF9-6502-43AC-82CC-76518D62A0C1}.Release|Any CPU.Build.0 = Release|Any CPU
	EndGlobalSection
	GlobalSection(SolutionProperties) = preSolution
		HideSolutionNode = FALSE
	EndGlobalSection
	GlobalSection(ExtensibilityGlobals) = postSolution
		SolutionGuid = {303BE024-9D0F-47C6-BA49-DA8C7099ED9D}
	EndGlobalSection
EndGlobal
